// !$*UTF8*$!
{
	archiveVersion = 1;
	classes = {
	};
	objectVersion = 56;
	objects = {

/* Begin PBXBuildFile section */
		CF03193D2C2975F4006628E6 /* Networking in Frameworks */ = {isa = PBXBuildFile; productRef = CF03193C2C2975F4006628E6 /* Networking */; };
		CF14F9972C29714000B4B34D /* AppDelegate.swift in Sources */ = {isa = PBXBuildFile; fileRef = CF14F9962C29714000B4B34D /* AppDelegate.swift */; };
		CF14F9992C29714000B4B34D /* SceneDelegate.swift in Sources */ = {isa = PBXBuildFile; fileRef = CF14F9982C29714000B4B34D /* SceneDelegate.swift */; };
		CF14F99B2C29714000B4B34D /* ViewController.swift in Sources */ = {isa = PBXBuildFile; fileRef = CF14F99A2C29714000B4B34D /* ViewController.swift */; };
		CF14F99E2C29714000B4B34D /* Base in Resources */ = {isa = PBXBuildFile; fileRef = CF14F99D2C29714000B4B34D /* Base */; };
		CF14F9A02C29714100B4B34D /* Assets.xcassets in Resources */ = {isa = PBXBuildFile; fileRef = CF14F99F2C29714100B4B34D /* Assets.xcassets */; };
		CF14F9A32C29714100B4B34D /* Base in Resources */ = {isa = PBXBuildFile; fileRef = CF14F9A22C29714100B4B34D /* Base */; };
		CF14F9AE2C29714100B4B34D /* UniversitesAppTests.swift in Sources */ = {isa = PBXBuildFile; fileRef = CF14F9AD2C29714100B4B34D /* UniversitesAppTests.swift */; };
		CF14F9B82C29714100B4B34D /* UniversitesAppUITests.swift in Sources */ = {isa = PBXBuildFile; fileRef = CF14F9B72C29714100B4B34D /* UniversitesAppUITests.swift */; };
		CF14F9BA2C29714100B4B34D /* UniversitesAppUITestsLaunchTests.swift in Sources */ = {isa = PBXBuildFile; fileRef = CF14F9B92C29714100B4B34D /* UniversitesAppUITestsLaunchTests.swift */; };
		CF14F9C82C29747600B4B34D /* Networking in Frameworks */ = {isa = PBXBuildFile; productRef = CF14F9C72C29747600B4B34D /* Networking */; };
		CF14F9CE2C29758E00B4B34D /* Networking in Frameworks */ = {isa = PBXBuildFile; productRef = CF14F9CD2C29758E00B4B34D /* Networking */; };
/* End PBXBuildFile section */

/* Begin PBXContainerItemProxy section */
		CF14F9AA2C29714100B4B34D /* PBXContainerItemProxy */ = {
			isa = PBXContainerItemProxy;
			containerPortal = CF14F98B2C29714000B4B34D /* Project object */;
			proxyType = 1;
			remoteGlobalIDString = CF14F9922C29714000B4B34D;
			remoteInfo = UniversitesApp;
		};
		CF14F9B42C29714100B4B34D /* PBXContainerItemProxy */ = {
			isa = PBXContainerItemProxy;
			containerPortal = CF14F98B2C29714000B4B34D /* Project object */;
			proxyType = 1;
			remoteGlobalIDString = CF14F9922C29714000B4B34D;
			remoteInfo = UniversitesApp;
		};
/* End PBXContainerItemProxy section */

/* Begin PBXFileReference section */
		CF14F9932C29714000B4B34D /* UniversitesApp.app */ = {isa = PBXFileReference; explicitFileType = wrapper.application; includeInIndex = 0; path = UniversitesApp.app; sourceTree = BUILT_PRODUCTS_DIR; };
		CF14F9962C29714000B4B34D /* AppDelegate.swift */ = {isa = PBXFileReference; lastKnownFileType = sourcecode.swift; path = AppDelegate.swift; sourceTree = "<group>"; };
		CF14F9982C29714000B4B34D /* SceneDelegate.swift */ = {isa = PBXFileReference; lastKnownFileType = sourcecode.swift; path = SceneDelegate.swift; sourceTree = "<group>"; };
		CF14F99A2C29714000B4B34D /* ViewController.swift */ = {isa = PBXFileReference; lastKnownFileType = sourcecode.swift; path = ViewController.swift; sourceTree = "<group>"; };
		CF14F99D2C29714000B4B34D /* Base */ = {isa = PBXFileReference; lastKnownFileType = file.storyboard; name = Base; path = Base.lproj/Main.storyboard; sourceTree = "<group>"; };
		CF14F99F2C29714100B4B34D /* Assets.xcassets */ = {isa = PBXFileReference; lastKnownFileType = folder.assetcatalog; path = Assets.xcassets; sourceTree = "<group>"; };
		CF14F9A22C29714100B4B34D /* Base */ = {isa = PBXFileReference; lastKnownFileType = file.storyboard; name = Base; path = Base.lproj/LaunchScreen.storyboard; sourceTree = "<group>"; };
		CF14F9A42C29714100B4B34D /* Info.plist */ = {isa = PBXFileReference; lastKnownFileType = text.plist.xml; path = Info.plist; sourceTree = "<group>"; };
		CF14F9A92C29714100B4B34D /* UniversitesAppTests.xctest */ = {isa = PBXFileReference; explicitFileType = wrapper.cfbundle; includeInIndex = 0; path = UniversitesAppTests.xctest; sourceTree = BUILT_PRODUCTS_DIR; };
		CF14F9AD2C29714100B4B34D /* UniversitesAppTests.swift */ = {isa = PBXFileReference; lastKnownFileType = sourcecode.swift; path = UniversitesAppTests.swift; sourceTree = "<group>"; };
		CF14F9B32C29714100B4B34D /* UniversitesAppUITests.xctest */ = {isa = PBXFileReference; explicitFileType = wrapper.cfbundle; includeInIndex = 0; path = UniversitesAppUITests.xctest; sourceTree = BUILT_PRODUCTS_DIR; };
		CF14F9B72C29714100B4B34D /* UniversitesAppUITests.swift */ = {isa = PBXFileReference; lastKnownFileType = sourcecode.swift; path = UniversitesAppUITests.swift; sourceTree = "<group>"; };
		CF14F9B92C29714100B4B34D /* UniversitesAppUITestsLaunchTests.swift */ = {isa = PBXFileReference; lastKnownFileType = sourcecode.swift; path = UniversitesAppUITestsLaunchTests.swift; sourceTree = "<group>"; };
		CF305E1C2C299C8F00F96847 /* Networking */ = {isa = PBXFileReference; lastKnownFileType = wrapper; path = Networking; sourceTree = "<group>"; };
		CF305E1D2C299C9400F96847 /* LocalCaching */ = {isa = PBXFileReference; lastKnownFileType = wrapper; path = LocalCaching; sourceTree = "<group>"; };
		CF305E1E2C29A4D300F96847 /* Models */ = {isa = PBXFileReference; lastKnownFileType = wrapper; path = Models; sourceTree = "<group>"; };
/* End PBXFileReference section */

/* Begin PBXFrameworksBuildPhase section */
		CF14F9902C29714000B4B34D /* Frameworks */ = {
			isa = PBXFrameworksBuildPhase;
			buildActionMask = 2147483647;
			files = (
				CF14F9CE2C29758E00B4B34D /* Networking in Frameworks */,
				CF14F9C82C29747600B4B34D /* Networking in Frameworks */,
				CF03193D2C2975F4006628E6 /* Networking in Frameworks */,
			);
			runOnlyForDeploymentPostprocessing = 0;
		};
		CF14F9A62C29714100B4B34D /* Frameworks */ = {
			isa = PBXFrameworksBuildPhase;
			buildActionMask = 2147483647;
			files = (
			);
			runOnlyForDeploymentPostprocessing = 0;
		};
		CF14F9B02C29714100B4B34D /* Frameworks */ = {
			isa = PBXFrameworksBuildPhase;
			buildActionMask = 2147483647;
			files = (
			);
			runOnlyForDeploymentPostprocessing = 0;
		};
/* End PBXFrameworksBuildPhase section */

/* Begin PBXGroup section */
		CF14F98A2C29714000B4B34D = {
			isa = PBXGroup;
			children = (
				CF14F9952C29714000B4B34D /* UniversitesApp */,
				CF14F9AC2C29714100B4B34D /* UniversitesAppTests */,
				CF14F9B62C29714100B4B34D /* UniversitesAppUITests */,
				CF14F9942C29714000B4B34D /* Products */,
			);
			sourceTree = "<group>";
		};
		CF14F9942C29714000B4B34D /* Products */ = {
			isa = PBXGroup;
			children = (
				CF14F9932C29714000B4B34D /* UniversitesApp.app */,
				CF14F9A92C29714100B4B34D /* UniversitesAppTests.xctest */,
				CF14F9B32C29714100B4B34D /* UniversitesAppUITests.xctest */,
			);
			name = Products;
			sourceTree = "<group>";
		};
		CF14F9952C29714000B4B34D /* UniversitesApp */ = {
			isa = PBXGroup;
			children = (
				CF305E1B2C299C4000F96847 /* Modules */,
				CF14F9962C29714000B4B34D /* AppDelegate.swift */,
				CF14F9982C29714000B4B34D /* SceneDelegate.swift */,
				CF14F99A2C29714000B4B34D /* ViewController.swift */,
				CF14F99C2C29714000B4B34D /* Main.storyboard */,
				CF14F99F2C29714100B4B34D /* Assets.xcassets */,
				CF14F9A12C29714100B4B34D /* LaunchScreen.storyboard */,
				CF14F9A42C29714100B4B34D /* Info.plist */,
			);
			path = UniversitesApp;
			sourceTree = "<group>";
		};
		CF14F9AC2C29714100B4B34D /* UniversitesAppTests */ = {
			isa = PBXGroup;
			children = (
				CF14F9AD2C29714100B4B34D /* UniversitesAppTests.swift */,
			);
			path = UniversitesAppTests;
			sourceTree = "<group>";
		};
		CF14F9B62C29714100B4B34D /* UniversitesAppUITests */ = {
			isa = PBXGroup;
			children = (
				CF14F9B72C29714100B4B34D /* UniversitesAppUITests.swift */,
				CF14F9B92C29714100B4B34D /* UniversitesAppUITestsLaunchTests.swift */,
			);
			path = UniversitesAppUITests;
			sourceTree = "<group>";
		};
		CF305E1B2C299C4000F96847 /* Modules */ = {
			isa = PBXGroup;
			children = (
				CF305E1E2C29A4D300F96847 /* Models */,
				CF305E1D2C299C9400F96847 /* LocalCaching */,
				CF305E1C2C299C8F00F96847 /* Networking */,
			);
			path = Modules;
			sourceTree = "<group>";
		};
/* End PBXGroup section */

/* Begin PBXNativeTarget section */
		CF14F9922C29714000B4B34D /* UniversitesApp */ = {
			isa = PBXNativeTarget;
			buildConfigurationList = CF14F9BD2C29714100B4B34D /* Build configuration list for PBXNativeTarget "UniversitesApp" */;
			buildPhases = (
				CF14F98F2C29714000B4B34D /* Sources */,
				CF14F9902C29714000B4B34D /* Frameworks */,
				CF14F9912C29714000B4B34D /* Resources */,
			);
			buildRules = (
			);
			dependencies = (
			);
			name = UniversitesApp;
			packageProductDependencies = (
				CF14F9C72C29747600B4B34D /* Networking */,
				CF14F9CD2C29758E00B4B34D /* Networking */,
				CF03193C2C2975F4006628E6 /* Networking */,
			);
			productName = UniversitesApp;
			productReference = CF14F9932C29714000B4B34D /* UniversitesApp.app */;
			productType = "com.apple.product-type.application";
		};
		CF14F9A82C29714100B4B34D /* UniversitesAppTests */ = {
			isa = PBXNativeTarget;
			buildConfigurationList = CF14F9C02C29714100B4B34D /* Build configuration list for PBXNativeTarget "UniversitesAppTests" */;
			buildPhases = (
				CF14F9A52C29714100B4B34D /* Sources */,
				CF14F9A62C29714100B4B34D /* Frameworks */,
				CF14F9A72C29714100B4B34D /* Resources */,
			);
			buildRules = (
			);
			dependencies = (
				CF14F9AB2C29714100B4B34D /* PBXTargetDependency */,
			);
			name = UniversitesAppTests;
			productName = UniversitesAppTests;
			productReference = CF14F9A92C29714100B4B34D /* UniversitesAppTests.xctest */;
			productType = "com.apple.product-type.bundle.unit-test";
		};
		CF14F9B22C29714100B4B34D /* UniversitesAppUITests */ = {
			isa = PBXNativeTarget;
			buildConfigurationList = CF14F9C32C29714100B4B34D /* Build configuration list for PBXNativeTarget "UniversitesAppUITests" */;
			buildPhases = (
				CF14F9AF2C29714100B4B34D /* Sources */,
				CF14F9B02C29714100B4B34D /* Frameworks */,
				CF14F9B12C29714100B4B34D /* Resources */,
			);
			buildRules = (
			);
			dependencies = (
				CF14F9B52C29714100B4B34D /* PBXTargetDependency */,
			);
			name = UniversitesAppUITests;
			productName = UniversitesAppUITests;
			productReference = CF14F9B32C29714100B4B34D /* UniversitesAppUITests.xctest */;
			productType = "com.apple.product-type.bundle.ui-testing";
		};
/* End PBXNativeTarget section */

/* Begin PBXProject section */
		CF14F98B2C29714000B4B34D /* Project object */ = {
			isa = PBXProject;
			attributes = {
				BuildIndependentTargetsInParallel = 1;
				LastSwiftUpdateCheck = 1530;
				LastUpgradeCheck = 1530;
				TargetAttributes = {
					CF14F9922C29714000B4B34D = {
						CreatedOnToolsVersion = 15.3;
					};
					CF14F9A82C29714100B4B34D = {
						CreatedOnToolsVersion = 15.3;
						TestTargetID = CF14F9922C29714000B4B34D;
					};
					CF14F9B22C29714100B4B34D = {
						CreatedOnToolsVersion = 15.3;
						TestTargetID = CF14F9922C29714000B4B34D;
					};
				};
			};
			buildConfigurationList = CF14F98E2C29714000B4B34D /* Build configuration list for PBXProject "UniversitesApp" */;
			compatibilityVersion = "Xcode 14.0";
			developmentRegion = en;
			hasScannedForEncodings = 0;
			knownRegions = (
				en,
				Base,
			);
			mainGroup = CF14F98A2C29714000B4B34D;
			packageReferences = (
			);
			productRefGroup = CF14F9942C29714000B4B34D /* Products */;
			projectDirPath = "";
			projectRoot = "";
			targets = (
				CF14F9922C29714000B4B34D /* UniversitesApp */,
				CF14F9A82C29714100B4B34D /* UniversitesAppTests */,
				CF14F9B22C29714100B4B34D /* UniversitesAppUITests */,
			);
		};
/* End PBXProject section */

/* Begin PBXResourcesBuildPhase section */
		CF14F9912C29714000B4B34D /* Resources */ = {
			isa = PBXResourcesBuildPhase;
			buildActionMask = 2147483647;
			files = (
				CF14F9A02C29714100B4B34D /* Assets.xcassets in Resources */,
				CF14F9A32C29714100B4B34D /* Base in Resources */,
				CF14F99E2C29714000B4B34D /* Base in Resources */,
			);
			runOnlyForDeploymentPostprocessing = 0;
		};
		CF14F9A72C29714100B4B34D /* Resources */ = {
			isa = PBXResourcesBuildPhase;
			buildActionMask = 2147483647;
			files = (
			);
			runOnlyForDeploymentPostprocessing = 0;
		};
		CF14F9B12C29714100B4B34D /* Resources */ = {
			isa = PBXResourcesBuildPhase;
			buildActionMask = 2147483647;
			files = (
			);
			runOnlyForDeploymentPostprocessing = 0;
		};
/* End PBXResourcesBuildPhase section */

/* Begin PBXSourcesBuildPhase section */
		CF14F98F2C29714000B4B34D /* Sources */ = {
			isa = PBXSourcesBuildPhase;
			buildActionMask = 2147483647;
			files = (
				CF14F99B2C29714000B4B34D /* ViewController.swift in Sources */,
				CF14F9972C29714000B4B34D /* AppDelegate.swift in Sources */,
				CF14F9992C29714000B4B34D /* SceneDelegate.swift in Sources */,
			);
			runOnlyForDeploymentPostprocessing = 0;
		};
		CF14F9A52C29714100B4B34D /* Sources */ = {
			isa = PBXSourcesBuildPhase;
			buildActionMask = 2147483647;
			files = (
				CF14F9AE2C29714100B4B34D /* UniversitesAppTests.swift in Sources */,
			);
			runOnlyForDeploymentPostprocessing = 0;
		};
		CF14F9AF2C29714100B4B34D /* Sources */ = {
			isa = PBXSourcesBuildPhase;
			buildActionMask = 2147483647;
			files = (
				CF14F9BA2C29714100B4B34D /* UniversitesAppUITestsLaunchTests.swift in Sources */,
				CF14F9B82C29714100B4B34D /* UniversitesAppUITests.swift in Sources */,
			);
			runOnlyForDeploymentPostprocessing = 0;
		};
/* End PBXSourcesBuildPhase section */

/* Begin PBXTargetDependency section */
		CF14F9AB2C29714100B4B34D /* PBXTargetDependency */ = {
			isa = PBXTargetDependency;
			target = CF14F9922C29714000B4B34D /* UniversitesApp */;
			targetProxy = CF14F9AA2C29714100B4B34D /* PBXContainerItemProxy */;
		};
		CF14F9B52C29714100B4B34D /* PBXTargetDependency */ = {
			isa = PBXTargetDependency;
			target = CF14F9922C29714000B4B34D /* UniversitesApp */;
			targetProxy = CF14F9B42C29714100B4B34D /* PBXContainerItemProxy */;
		};
/* End PBXTargetDependency section */

/* Begin PBXVariantGroup section */
		CF14F99C2C29714000B4B34D /* Main.storyboard */ = {
			isa = PBXVariantGroup;
			children = (
				CF14F99D2C29714000B4B34D /* Base */,
			);
			name = Main.storyboard;
			sourceTree = "<group>";
		};
		CF14F9A12C29714100B4B34D /* LaunchScreen.storyboard */ = {
			isa = PBXVariantGroup;
			children = (
				CF14F9A22C29714100B4B34D /* Base */,
			);
			name = LaunchScreen.storyboard;
			sourceTree = "<group>";
		};
/* End PBXVariantGroup section */

/* Begin XCBuildConfiguration section */
		CF14F9BB2C29714100B4B34D /* Debug */ = {
			isa = XCBuildConfiguration;
			buildSettings = {
				ALWAYS_SEARCH_USER_PATHS = NO;
				ASSETCATALOG_COMPILER_GENERATE_SWIFT_ASSET_SYMBOL_EXTENSIONS = YES;
				CLANG_ANALYZER_NONNULL = YES;
				CLANG_ANALYZER_NUMBER_OBJECT_CONVERSION = YES_AGGRESSIVE;
				CLANG_CXX_LANGUAGE_STANDARD = "gnu++20";
				CLANG_ENABLE_MODULES = YES;
				CLANG_ENABLE_OBJC_ARC = YES;
				CLANG_ENABLE_OBJC_WEAK = YES;
				CLANG_WARN_BLOCK_CAPTURE_AUTORELEASING = YES;
				CLANG_WARN_BOOL_CONVERSION = YES;
				CLANG_WARN_COMMA = YES;
				CLANG_WARN_CONSTANT_CONVERSION = YES;
				CLANG_WARN_DEPRECATED_OBJC_IMPLEMENTATIONS = YES;
				CLANG_WARN_DIRECT_OBJC_ISA_USAGE = YES_ERROR;
				CLANG_WARN_DOCUMENTATION_COMMENTS = YES;
				CLANG_WARN_EMPTY_BODY = YES;
				CLANG_WARN_ENUM_CONVERSION = YES;
				CLANG_WARN_INFINITE_RECURSION = YES;
				CLANG_WARN_INT_CONVERSION = YES;
				CLANG_WARN_NON_LITERAL_NULL_CONVERSION = YES;
				CLANG_WARN_OBJC_IMPLICIT_RETAIN_SELF = YES;
				CLANG_WARN_OBJC_LITERAL_CONVERSION = YES;
				CLANG_WARN_OBJC_ROOT_CLASS = YES_ERROR;
				CLANG_WARN_QUOTED_INCLUDE_IN_FRAMEWORK_HEADER = YES;
				CLANG_WARN_RANGE_LOOP_ANALYSIS = YES;
				CLANG_WARN_STRICT_PROTOTYPES = YES;
				CLANG_WARN_SUSPICIOUS_MOVE = YES;
				CLANG_WARN_UNGUARDED_AVAILABILITY = YES_AGGRESSIVE;
				CLANG_WARN_UNREACHABLE_CODE = YES;
				CLANG_WARN__DUPLICATE_METHOD_MATCH = YES;
				COPY_PHASE_STRIP = NO;
				DEBUG_INFORMATION_FORMAT = dwarf;
				ENABLE_STRICT_OBJC_MSGSEND = YES;
				ENABLE_TESTABILITY = YES;
				ENABLE_USER_SCRIPT_SANDBOXING = YES;
				GCC_C_LANGUAGE_STANDARD = gnu17;
				GCC_DYNAMIC_NO_PIC = NO;
				GCC_NO_COMMON_BLOCKS = YES;
				GCC_OPTIMIZATION_LEVEL = 0;
				GCC_PREPROCESSOR_DEFINITIONS = (
					"DEBUG=1",
					"$(inherited)",
				);
				GCC_WARN_64_TO_32_BIT_CONVERSION = YES;
				GCC_WARN_ABOUT_RETURN_TYPE = YES_ERROR;
				GCC_WARN_UNDECLARED_SELECTOR = YES;
				GCC_WARN_UNINITIALIZED_AUTOS = YES_AGGRESSIVE;
				GCC_WARN_UNUSED_FUNCTION = YES;
				GCC_WARN_UNUSED_VARIABLE = YES;
				IPHONEOS_DEPLOYMENT_TARGET = 17.4;
				LOCALIZATION_PREFERS_STRING_CATALOGS = YES;
				MTL_ENABLE_DEBUG_INFO = INCLUDE_SOURCE;
				MTL_FAST_MATH = YES;
				ONLY_ACTIVE_ARCH = YES;
				SDKROOT = iphoneos;
				SWIFT_ACTIVE_COMPILATION_CONDITIONS = "DEBUG $(inherited)";
				SWIFT_OPTIMIZATION_LEVEL = "-Onone";
			};
			name = Debug;
		};
		CF14F9BC2C29714100B4B34D /* Release */ = {
			isa = XCBuildConfiguration;
			buildSettings = {
				ALWAYS_SEARCH_USER_PATHS = NO;
				ASSETCATALOG_COMPILER_GENERATE_SWIFT_ASSET_SYMBOL_EXTENSIONS = YES;
				CLANG_ANALYZER_NONNULL = YES;
				CLANG_ANALYZER_NUMBER_OBJECT_CONVERSION = YES_AGGRESSIVE;
				CLANG_CXX_LANGUAGE_STANDARD = "gnu++20";
				CLANG_ENABLE_MODULES = YES;
				CLANG_ENABLE_OBJC_ARC = YES;
				CLANG_ENABLE_OBJC_WEAK = YES;
				CLANG_WARN_BLOCK_CAPTURE_AUTORELEASING = YES;
				CLANG_WARN_BOOL_CONVERSION = YES;
				CLANG_WARN_COMMA = YES;
				CLANG_WARN_CONSTANT_CONVERSION = YES;
				CLANG_WARN_DEPRECATED_OBJC_IMPLEMENTATIONS = YES;
				CLANG_WARN_DIRECT_OBJC_ISA_USAGE = YES_ERROR;
				CLANG_WARN_DOCUMENTATION_COMMENTS = YES;
				CLANG_WARN_EMPTY_BODY = YES;
				CLANG_WARN_ENUM_CONVERSION = YES;
				CLANG_WARN_INFINITE_RECURSION = YES;
				CLANG_WARN_INT_CONVERSION = YES;
				CLANG_WARN_NON_LITERAL_NULL_CONVERSION = YES;
				CLANG_WARN_OBJC_IMPLICIT_RETAIN_SELF = YES;
				CLANG_WARN_OBJC_LITERAL_CONVERSION = YES;
				CLANG_WARN_OBJC_ROOT_CLASS = YES_ERROR;
				CLANG_WARN_QUOTED_INCLUDE_IN_FRAMEWORK_HEADER = YES;
				CLANG_WARN_RANGE_LOOP_ANALYSIS = YES;
				CLANG_WARN_STRICT_PROTOTYPES = YES;
				CLANG_WARN_SUSPICIOUS_MOVE = YES;
				CLANG_WARN_UNGUARDED_AVAILABILITY = YES_AGGRESSIVE;
				CLANG_WARN_UNREACHABLE_CODE = YES;
				CLANG_WARN__DUPLICATE_METHOD_MATCH = YES;
				COPY_PHASE_STRIP = NO;
				DEBUG_INFORMATION_FORMAT = "dwarf-with-dsym";
				ENABLE_NS_ASSERTIONS = NO;
				ENABLE_STRICT_OBJC_MSGSEND = YES;
				ENABLE_USER_SCRIPT_SANDBOXING = YES;
				GCC_C_LANGUAGE_STANDARD = gnu17;
				GCC_NO_COMMON_BLOCKS = YES;
				GCC_WARN_64_TO_32_BIT_CONVERSION = YES;
				GCC_WARN_ABOUT_RETURN_TYPE = YES_ERROR;
				GCC_WARN_UNDECLARED_SELECTOR = YES;
				GCC_WARN_UNINITIALIZED_AUTOS = YES_AGGRESSIVE;
				GCC_WARN_UNUSED_FUNCTION = YES;
				GCC_WARN_UNUSED_VARIABLE = YES;
				IPHONEOS_DEPLOYMENT_TARGET = 17.4;
				LOCALIZATION_PREFERS_STRING_CATALOGS = YES;
				MTL_ENABLE_DEBUG_INFO = NO;
				MTL_FAST_MATH = YES;
				SDKROOT = iphoneos;
				SWIFT_COMPILATION_MODE = wholemodule;
				VALIDATE_PRODUCT = YES;
			};
			name = Release;
		};
		CF14F9BE2C29714100B4B34D /* Debug */ = {
			isa = XCBuildConfiguration;
			buildSettings = {
				ASSETCATALOG_COMPILER_APPICON_NAME = AppIcon;
				ASSETCATALOG_COMPILER_GLOBAL_ACCENT_COLOR_NAME = AccentColor;
				CODE_SIGN_STYLE = Automatic;
				CURRENT_PROJECT_VERSION = 1;
				DEVELOPMENT_TEAM = 7AYGAZB269;
				GENERATE_INFOPLIST_FILE = YES;
				INFOPLIST_FILE = UniversitesApp/Info.plist;
				INFOPLIST_KEY_UIApplicationSupportsIndirectInputEvents = YES;
				INFOPLIST_KEY_UILaunchStoryboardName = LaunchScreen;
				INFOPLIST_KEY_UIMainStoryboardFile = Main;
				INFOPLIST_KEY_UISupportedInterfaceOrientations_iPad = "UIInterfaceOrientationPortrait UIInterfaceOrientationPortraitUpsideDown UIInterfaceOrientationLandscapeLeft UIInterfaceOrientationLandscapeRight";
				INFOPLIST_KEY_UISupportedInterfaceOrientations_iPhone = "UIInterfaceOrientationPortrait UIInterfaceOrientationLandscapeLeft UIInterfaceOrientationLandscapeRight";
				LD_RUNPATH_SEARCH_PATHS = (
					"$(inherited)",
					"@executable_path/Frameworks",
				);
				MARKETING_VERSION = 1.0;
				PRODUCT_BUNDLE_IDENTIFIER = "Amr-Magdy.UniversitesApp";
				PRODUCT_NAME = "$(TARGET_NAME)";
				SWIFT_EMIT_LOC_STRINGS = YES;
				SWIFT_VERSION = 5.0;
				TARGETED_DEVICE_FAMILY = "1,2";
			};
			name = Debug;
		};
		CF14F9BF2C29714100B4B34D /* Release */ = {
			isa = XCBuildConfiguration;
			buildSettings = {
				ASSETCATALOG_COMPILER_APPICON_NAME = AppIcon;
				ASSETCATALOG_COMPILER_GLOBAL_ACCENT_COLOR_NAME = AccentColor;
				CODE_SIGN_STYLE = Automatic;
				CURRENT_PROJECT_VERSION = 1;
				DEVELOPMENT_TEAM = 7AYGAZB269;
				GENERATE_INFOPLIST_FILE = YES;
				INFOPLIST_FILE = UniversitesApp/Info.plist;
				INFOPLIST_KEY_UIApplicationSupportsIndirectInputEvents = YES;
				INFOPLIST_KEY_UILaunchStoryboardName = LaunchScreen;
				INFOPLIST_KEY_UIMainStoryboardFile = Main;
				INFOPLIST_KEY_UISupportedInterfaceOrientations_iPad = "UIInterfaceOrientationPortrait UIInterfaceOrientationPortraitUpsideDown UIInterfaceOrientationLandscapeLeft UIInterfaceOrientationLandscapeRight";
				INFOPLIST_KEY_UISupportedInterfaceOrientations_iPhone = "UIInterfaceOrientationPortrait UIInterfaceOrientationLandscapeLeft UIInterfaceOrientationLandscapeRight";
				LD_RUNPATH_SEARCH_PATHS = (
					"$(inherited)",
					"@executable_path/Frameworks",
				);
				MARKETING_VERSION = 1.0;
				PRODUCT_BUNDLE_IDENTIFIER = "Amr-Magdy.UniversitesApp";
				PRODUCT_NAME = "$(TARGET_NAME)";
				SWIFT_EMIT_LOC_STRINGS = YES;
				SWIFT_VERSION = 5.0;
				TARGETED_DEVICE_FAMILY = "1,2";
			};
			name = Release;
		};
		CF14F9C12C29714100B4B34D /* Debug */ = {
			isa = XCBuildConfiguration;
			buildSettings = {
				ALWAYS_EMBED_SWIFT_STANDARD_LIBRARIES = YES;
				BUNDLE_LOADER = "$(TEST_HOST)";
				CODE_SIGN_STYLE = Automatic;
				CURRENT_PROJECT_VERSION = 1;
				DEVELOPMENT_TEAM = 7AYGAZB269;
				GENERATE_INFOPLIST_FILE = YES;
				IPHONEOS_DEPLOYMENT_TARGET = 17.4;
				MARKETING_VERSION = 1.0;
				PRODUCT_BUNDLE_IDENTIFIER = "Amr-Magdy.UniversitesAppTests";
				PRODUCT_NAME = "$(TARGET_NAME)";
				SWIFT_EMIT_LOC_STRINGS = NO;
				SWIFT_VERSION = 5.0;
				TARGETED_DEVICE_FAMILY = "1,2";
				TEST_HOST = "$(BUILT_PRODUCTS_DIR)/UniversitesApp.app/$(BUNDLE_EXECUTABLE_FOLDER_PATH)/UniversitesApp";
			};
			name = Debug;
		};
		CF14F9C22C29714100B4B34D /* Release */ = {
			isa = XCBuildConfiguration;
			buildSettings = {
				ALWAYS_EMBED_SWIFT_STANDARD_LIBRARIES = YES;
				BUNDLE_LOADER = "$(TEST_HOST)";
				CODE_SIGN_STYLE = Automatic;
				CURRENT_PROJECT_VERSION = 1;
				DEVELOPMENT_TEAM = 7AYGAZB269;
				GENERATE_INFOPLIST_FILE = YES;
				IPHONEOS_DEPLOYMENT_TARGET = 17.4;
				MARKETING_VERSION = 1.0;
				PRODUCT_BUNDLE_IDENTIFIER = "Amr-Magdy.UniversitesAppTests";
				PRODUCT_NAME = "$(TARGET_NAME)";
				SWIFT_EMIT_LOC_STRINGS = NO;
				SWIFT_VERSION = 5.0;
				TARGETED_DEVICE_FAMILY = "1,2";
				TEST_HOST = "$(BUILT_PRODUCTS_DIR)/UniversitesApp.app/$(BUNDLE_EXECUTABLE_FOLDER_PATH)/UniversitesApp";
			};
			name = Release;
		};
		CF14F9C42C29714100B4B34D /* Debug */ = {
			isa = XCBuildConfiguration;
			buildSettings = {
				ALWAYS_EMBED_SWIFT_STANDARD_LIBRARIES = YES;
				CODE_SIGN_STYLE = Automatic;
				CURRENT_PROJECT_VERSION = 1;
				DEVELOPMENT_TEAM = 7AYGAZB269;
				GENERATE_INFOPLIST_FILE = YES;
				MARKETING_VERSION = 1.0;
				PRODUCT_BUNDLE_IDENTIFIER = "Amr-Magdy.UniversitesAppUITests";
				PRODUCT_NAME = "$(TARGET_NAME)";
				SWIFT_EMIT_LOC_STRINGS = NO;
				SWIFT_VERSION = 5.0;
				TARGETED_DEVICE_FAMILY = "1,2";
				TEST_TARGET_NAME = UniversitesApp;
			};
			name = Debug;
		};
		CF14F9C52C29714100B4B34D /* Release */ = {
			isa = XCBuildConfiguration;
			buildSettings = {
				ALWAYS_EMBED_SWIFT_STANDARD_LIBRARIES = YES;
				CODE_SIGN_STYLE = Automatic;
				CURRENT_PROJECT_VERSION = 1;
				DEVELOPMENT_TEAM = 7AYGAZB269;
				GENERATE_INFOPLIST_FILE = YES;
				MARKETING_VERSION = 1.0;
				PRODUCT_BUNDLE_IDENTIFIER = "Amr-Magdy.UniversitesAppUITests";
				PRODUCT_NAME = "$(TARGET_NAME)";
				SWIFT_EMIT_LOC_STRINGS = NO;
				SWIFT_VERSION = 5.0;
				TARGETED_DEVICE_FAMILY = "1,2";
				TEST_TARGET_NAME = UniversitesApp;
			};
			name = Release;
		};
/* End XCBuildConfiguration section */

/* Begin XCConfigurationList section */
		CF14F98E2C29714000B4B34D /* Build configuration list for PBXProject "UniversitesApp" */ = {
			isa = XCConfigurationList;
			buildConfigurations = (
				CF14F9BB2C29714100B4B34D /* Debug */,
				CF14F9BC2C29714100B4B34D /* Release */,
			);
			defaultConfigurationIsVisible = 0;
			defaultConfigurationName = Release;
		};
		CF14F9BD2C29714100B4B34D /* Build configuration list for PBXNativeTarget "UniversitesApp" */ = {
			isa = XCConfigurationList;
			buildConfigurations = (
				CF14F9BE2C29714100B4B34D /* Debug */,
				CF14F9BF2C29714100B4B34D /* Release */,
			);
			defaultConfigurationIsVisible = 0;
			defaultConfigurationName = Release;
		};
		CF14F9C02C29714100B4B34D /* Build configuration list for PBXNativeTarget "UniversitesAppTests" */ = {
			isa = XCConfigurationList;
			buildConfigurations = (
				CF14F9C12C29714100B4B34D /* Debug */,
				CF14F9C22C29714100B4B34D /* Release */,
			);
			defaultConfigurationIsVisible = 0;
			defaultConfigurationName = Release;
		};
		CF14F9C32C29714100B4B34D /* Build configuration list for PBXNativeTarget "UniversitesAppUITests" */ = {
			isa = XCConfigurationList;
			buildConfigurations = (
				CF14F9C42C29714100B4B34D /* Debug */,
				CF14F9C52C29714100B4B34D /* Release */,
			);
			defaultConfigurationIsVisible = 0;
			defaultConfigurationName = Release;
		};
/* End XCConfigurationList section */

/* Begin XCSwiftPackageProductDependency section */
		CF03193C2C2975F4006628E6 /* Networking */ = {
			isa = XCSwiftPackageProductDependency;
			productName = Networking;
		};
		CF14F9C72C29747600B4B34D /* Networking */ = {
			isa = XCSwiftPackageProductDependency;
			productName = Networking;
		};
		CF14F9CD2C29758E00B4B34D /* Networking */ = {
			isa = XCSwiftPackageProductDependency;
			productName = Networking;
		};
/* End XCSwiftPackageProductDependency section */
	};
	rootObject = CF14F98B2C29714000B4B34D /* Project object */;
}
